
Microsoft Visual Studio Solution File, Format Version 12.00
# Visual Studio Version 17
VisualStudioVersion = 17.14.36414.22 d17.14
MinimumVisualStudioVersion = 10.0.40219.1
Project("{FAE04EC0-301F-11D3-BF4B-00C04F79EFBC}") = "Elektrikulu", "Elektrikulu.csproj", "{C3B4DEEC-EA4C-49B1-A669-263AC8E31679}"
EndProject
Global
	GlobalSection(SolutionConfigurationPlatforms) = preSolution
		Debug|Any CPU = Debug|Any CPU
		Release|Any CPU = Release|Any CPU
	EndGlobalSection
	GlobalSection(ProjectConfigurationPlatforms) = postSolution
		{C3B4DEEC-EA4C-49B1-A669-263AC8E31679}.Debug|Any CPU.ActiveCfg = Debug|Any CPU
		{C3B4DEEC-EA4C-49B1-A669-263AC8E31679}.Debug|Any CPU.Build.0 = Debug|Any CPU
		{C3B4DEEC-EA4C-49B1-A669-263AC8E31679}.Release|Any CPU.ActiveCfg = Release|Any CPU
		{C3B4DEEC-EA4C-49B1-A669-263AC8E31679}.Release|Any CPU.Build.0 = Release|Any CPU
	EndGlobalSection
	GlobalSection(SolutionProperties) = preSolution
		HideSolutionNode = FALSE
	EndGlobalSection
	GlobalSection(ExtensibilityGlobals) = postSolution
		SolutionGuid = {54474CE6-7C27-4D07-8941-9852AE7032D1}
	EndGlobalSection
EndGlobal
